// !$*UTF8*$!
{
	archiveVersion = 1;
	classes = {
	};
	objectVersion = 77;
	objects = {

/* Begin PBXBuildFile section */
		00E5BEF9B71230C4677B387F /* WeeklyRhythmSkillInstallSheet.swift in Sources */ = {isa = PBXBuildFile; fileRef = A72018BAC4B42C0C76B18B09 /* WeeklyRhythmSkillInstallSheet.swift */; };
		047B461FE0B2A7A81E4BC469 /* ActivationView.swift in Sources */ = {isa = PBXBuildFile; fileRef = 8BECADF7B96CB7D3842E642F /* ActivationView.swift */; };
		05D38A44306FF10EEE0001D9 /* FamilyMemoryService.swift in Sources */ = {isa = PBXBuildFile; fileRef = CF650F1C05A9FE3D738BAA42 /* FamilyMemoryService.swift */; };
		05E6CAD0B79916E67AD9C87D /* KeychainService.swift in Sources */ = {isa = PBXBuildFile; fileRef = 02B29456AE09E75239846438 /* KeychainService.swift */; };
		06CB33690CC14595E2E99291 /* GitHubService.swift in Sources */ = {isa = PBXBuildFile; fileRef = 0C827BD5D498E86D1F3BEC2D /* GitHubService.swift */; };
		07BA11DC7D460A01979E6F21 /* ErrorLogger.swift in Sources */ = {isa = PBXBuildFile; fileRef = 1EB57DA95F7124E0519B2C86 /* ErrorLogger.swift */; };
		0D7F85E45BFAFB9CBA75F829 /* ClaudeCodeConfigService.swift in Sources */ = {isa = PBXBuildFile; fileRef = 67CBAA3E68AE042FD8F6FFDF /* ClaudeCodeConfigService.swift */; };
		107872FAAEF37D55D156492E /* ChatPanel.swift in Sources */ = {isa = PBXBuildFile; fileRef = 3AB3D27CB30E231A6EF2EF26 /* ChatPanel.swift */; };
		112863CDD6F3C554DAF8C3A9 /* UpdateExecutionService.swift in Sources */ = {isa = PBXBuildFile; fileRef = E343B9250E53EF5FE8057DAE /* UpdateExecutionService.swift */; };
		11E72DFAD7010B08CCFA2023 /* dashboard-template.html in Resources */ = {isa = PBXBuildFile; fileRef = 750E9292C50A1D0B0C4EE603 /* dashboard-template.html */; };
		13B98C724D6580546B4A9F6C /* weekly-rhythm-skill-wrapper.md in Resources */ = {isa = PBXBuildFile; fileRef = CFEBF1AD73F4AD47132E5387 /* weekly-rhythm-skill-wrapper.md */; };
		149284AD1AF7CC868055E9C7 /* ClaudeCLIDetector.swift in Sources */ = {isa = PBXBuildFile; fileRef = DBFD216C2A59D0C5332408B4 /* ClaudeCLIDetector.swift */; };
		156C48CEA34E68406BE574C7 /* AppSettings.swift in Sources */ = {isa = PBXBuildFile; fileRef = 9A1B1F334020349AF1BB567F /* AppSettings.swift */; };
		15ACB224032293DD17F523FA /* SetupValidationService.swift in Sources */ = {isa = PBXBuildFile; fileRef = 9646955BDB7A4F405EB1FDF0 /* SetupValidationService.swift */; };
		15DC17F5631A4CF72E02C261 /* ChatMessage.swift in Sources */ = {isa = PBXBuildFile; fileRef = D59852CE50DAEC545C6B0C0E /* ChatMessage.swift */; };
		18317CE6CA9311E67496A0AA /* AppState.swift in Sources */ = {isa = PBXBuildFile; fileRef = F4FB784FE53060D8FF7EEE72 /* AppState.swift */; };
		1BE2080AB4AF9C0D5DDF3A05 /* SetupWizardViewModel.swift in Sources */ = {isa = PBXBuildFile; fileRef = 00E7940EB3A6AD0DB6A38C2F /* SetupWizardViewModel.swift */; };
		25D74F095E9237042C25585C /* MCPProbe.swift in Sources */ = {isa = PBXBuildFile; fileRef = 7DF8C7B7AABE2431944A25E9 /* MCPProbe.swift */; };
		2914B8F6E862FE0B1914BFAE /* WeeklyRhythmEngineStore.swift in Sources */ = {isa = PBXBuildFile; fileRef = CD284AB922259409852EBE73 /* WeeklyRhythmEngineStore.swift */; };
		2B07591CF9F2646F8B903101 /* MissingMCPsSheet.swift in Sources */ = {isa = PBXBuildFile; fileRef = 412B13C7BB1BF39888717812 /* MissingMCPsSheet.swift */; };
		2B92C1E7ECA9DC4D7DC50F0E /* FeedbackService.swift in Sources */ = {isa = PBXBuildFile; fileRef = 3DACD2838A1C216461103AE6 /* FeedbackService.swift */; };
		2C512BA73630DE2CCC93F99F /* AlignedSheet.swift in Sources */ = {isa = PBXBuildFile; fileRef = 3F6F08569570B37845FC1387 /* AlignedSheet.swift */; };
		2C7ED0531E56C8235AFCE6BC /* PendingMutationsStore.swift in Sources */ = {isa = PBXBuildFile; fileRef = 8F5E929A9A401F87718B0983 /* PendingMutationsStore.swift */; };
		330A710170B2B74902D579D5 /* EditTriageSheet.swift in Sources */ = {isa = PBXBuildFile; fileRef = 564A22B818E62E0E1921A86F /* EditTriageSheet.swift */; };
		355F6705C0380EC8CCED0279 /* WeeklyRhythmUIStateStore.swift in Sources */ = {isa = PBXBuildFile; fileRef = 80DD857A1CB762AC7991C68C /* WeeklyRhythmUIStateStore.swift */; };
		377AE9482D6974941E963E1B /* FamilyMemoryView.swift in Sources */ = {isa = PBXBuildFile; fileRef = 14788FA8AC138E58AD03BFC7 /* FamilyMemoryView.swift */; };
		386B5A369D88921474EC50B4 /* VersionComparisonTests.swift in Sources */ = {isa = PBXBuildFile; fileRef = DE0AC8F02FED91F42FC4EB00 /* VersionComparisonTests.swift */; };
		38D925B340A40492A5DB7FAC /* FeedbackView.swift in Sources */ = {isa = PBXBuildFile; fileRef = 3757BEFBB847475D0690FF32 /* FeedbackView.swift */; };
		39ACD4EE2996FF40E684E287 /* FeedbackViewModel.swift in Sources */ = {isa = PBXBuildFile; fileRef = E6B493D672539E78B60DC3E8 /* FeedbackViewModel.swift */; };
		3B1B8E9B129468193257A0A2 /* WeeklyRhythmView.swift in Sources */ = {isa = PBXBuildFile; fileRef = 0115CDA875DB5D2D4BA7C4AA /* WeeklyRhythmView.swift */; };
		3B8CF00712BD137247649E22 /* VersionDetectionService.swift in Sources */ = {isa = PBXBuildFile; fileRef = 52A1E55BD560971A940F171A /* VersionDetectionService.swift */; };
		3CFDC64737A93718CFE3AE95 /* WeeklyRhythmEngineSection.swift in Sources */ = {isa = PBXBuildFile; fileRef = 1C5D0EF96B4D7D82238B66ED /* WeeklyRhythmEngineSection.swift */; };
		3DAC043E1F1CE49D3F91AA79 /* PageScaffold.swift in Sources */ = {isa = PBXBuildFile; fileRef = AC9BDBAE1BA8CDCF7640CE6B /* PageScaffold.swift */; };
		3F9322104FD17EB1DA4801C8 /* RunHealthPill.swift in Sources */ = {isa = PBXBuildFile; fileRef = 9462C3630F3A00A990888CA2 /* RunHealthPill.swift */; };
		49AFDBE9BAB4BDF2520332FF /* VersionDetectionTests.swift in Sources */ = {isa = PBXBuildFile; fileRef = FE4CB53B5CB04DACA0FDC375 /* VersionDetectionTests.swift */; };
		4BC30361A3F18D7A991A72EE /* MockWeeklyRhythmDataSource.swift in Sources */ = {isa = PBXBuildFile; fileRef = 5EF56794AE0F9F09B953BC13 /* MockWeeklyRhythmDataSource.swift */; };
		4C29C765E197C8C5C27D8BC2 /* RootView.swift in Sources */ = {isa = PBXBuildFile; fileRef = 1341A36E69A185933A6187F4 /* RootView.swift */; };
		4CB55B39A51109E2D3DAE9F1 /* ChatPanelHeader.swift in Sources */ = {isa = PBXBuildFile; fileRef = 3C3580CD173E87DCBCC770F4 /* ChatPanelHeader.swift */; };
		4FB42B328F8B03A28BCC1962 /* WhyModal.swift in Sources */ = {isa = PBXBuildFile; fileRef = 8776F4FEAAFE5DD29E8C1730 /* WhyModal.swift */; };
		527E21E6BC0AA688C00FA4E9 /* GitHubServiceTests.swift in Sources */ = {isa = PBXBuildFile; fileRef = 8ED7ECBE41703B1FC4EB0791 /* GitHubServiceTests.swift */; };
		52D654FD0BE7A805B4F3F1A3 /* FamilyHealthDashboard.swift in Sources */ = {isa = PBXBuildFile; fileRef = C2743470CF6F7A2E42396FAC /* FamilyHealthDashboard.swift */; };
		53AEA16097825500F8268329 /* FileBackedWeeklyRhythmDataSource.swift in Sources */ = {isa = PBXBuildFile; fileRef = 9F2F5EA39EAE9558037F9670 /* FileBackedWeeklyRhythmDataSource.swift */; };
		5A4C032BD13E7B95BFCABB96 /* RunHealthDetailSheet.swift in Sources */ = {isa = PBXBuildFile; fileRef = BD5F1C96EFA4D647FFDA57BB /* RunHealthDetailSheet.swift */; };
		5AB3F1610DB5361CAC618ECC /* SecureInputStorage.swift in Sources */ = {isa = PBXBuildFile; fileRef = A88614DCA2B0E6155C755D3C /* SecureInputStorage.swift */; };
		61D6E60947EC0AEB30BF7D97 /* WhatsNewView.swift in Sources */ = {isa = PBXBuildFile; fileRef = 16FB3766D3708E744FA90472 /* WhatsNewView.swift */; };
		639646812B867787DB59AD83 /* FullDiskAccessService.swift in Sources */ = {isa = PBXBuildFile; fileRef = 7D874D5A2A3528B406492C6B /* FullDiskAccessService.swift */; };
		63B0BCA2036A45DF148B3C37 /* HealthCheck.swift in Sources */ = {isa = PBXBuildFile; fileRef = F67306E0D4DE7A228BD944B8 /* HealthCheck.swift */; };
		63DF7D1C11E3A188E94C469F /* ComponentRegistry.swift in Sources */ = {isa = PBXBuildFile; fileRef = 782EFED7B8F2AD1265BCF690 /* ComponentRegistry.swift */; };
		64CA5B5EAAFCDA5C06236011 /* FortAbodeUtilityCentralApp.swift in Sources */ = {isa = PBXBuildFile; fileRef = C8F9DE0077075CA77D29FF77 /* FortAbodeUtilityCentralApp.swift */; };
		6CD4E6A5F0EC7CA6EA53E11B /* FamilyChatPane.swift in Sources */ = {isa = PBXBuildFile; fileRef = D71386BF1C667590FCF48FB8 /* FamilyChatPane.swift */; };
		7186FEEAC3161F93D78ECA50 /* WeeklyRhythmSkillInstaller.swift in Sources */ = {isa = PBXBuildFile; fileRef = 5C01EEE9A69F8B9DE4572C90 /* WeeklyRhythmSkillInstaller.swift */; };
		78A108105A88096647C68196 /* ComponentHealthCard.swift in Sources */ = {isa = PBXBuildFile; fileRef = 37EB2DD0D3E1CBC8A343C150 /* ComponentHealthCard.swift */; };
		7C8FF70F6E7111308CEAA754 /* ClaudeAuthKeychainService.swift in Sources */ = {isa = PBXBuildFile; fileRef = 249CE7BC7FB6CB8C7FA08D10 /* ClaudeAuthKeychainService.swift */; };
		7CFA90087FA5CC19AFC67353 /* WeeklyRhythmPathResolver.swift in Sources */ = {isa = PBXBuildFile; fileRef = 418F1A3FCCAA74A9749BDE1E /* WeeklyRhythmPathResolver.swift */; };
		7F7577B11C2D1F70D5E6F9B7 /* ChatComposer.swift in Sources */ = {isa = PBXBuildFile; fileRef = B245C0720A4C0BC3EBC09BF2 /* ChatComposer.swift */; };
		7FCF70E4B640FED1EAD72A90 /* ClaudeAuthSetupSheet.swift in Sources */ = {isa = PBXBuildFile; fileRef = 801F8855770E536D9FD34420 /* ClaudeAuthSetupSheet.swift */; };
		84EF3894AB836BBA01A7FB6A /* NotificationService.swift in Sources */ = {isa = PBXBuildFile; fileRef = BA1C59FBAA6BF53EE5F93CE0 /* NotificationService.swift */; };
		8AA1D4FFDC54D9B78DA73942 /* WeeklyRhythmEngineRunner.swift in Sources */ = {isa = PBXBuildFile; fileRef = DCC66F9F30443EC4D0D153F9 /* WeeklyRhythmEngineRunner.swift */; };
		8C46F547DCED96736E019D49 /* ComponentRegistryTests.swift in Sources */ = {isa = PBXBuildFile; fileRef = CB0B45EFBB7DD5A133107515 /* ComponentRegistryTests.swift */; };
		8C81AC2276A4B5BA5E86A219 /* WeeklyRhythmRunControl.swift in Sources */ = {isa = PBXBuildFile; fileRef = 57C7879CB390CE3D57122B8F /* WeeklyRhythmRunControl.swift */; };
		8FEB14627351680D4959D1BF /* MarketplaceView.swift in Sources */ = {isa = PBXBuildFile; fileRef = 7FB63D56853D1FFB0742D448 /* MarketplaceView.swift */; };
		916EBC0C31B8473B1C50C325 /* FamilyView.swift in Sources */ = {isa = PBXBuildFile; fileRef = 01FF0FA5D6DBEBF7A139D6FD /* FamilyView.swift */; };
		91905EBBC828F6BCDF09EF1A /* AlignedDesignSystem in Frameworks */ = {isa = PBXBuildFile; productRef = 5D70F17E7114E90E5762C0DB /* AlignedDesignSystem */; };
		91D50E1EB920B8C40D6B33FB /* ClaudeDesktopConfigService.swift in Sources */ = {isa = PBXBuildFile; fileRef = A49ABEA06B33CB1666AD17A0 /* ClaudeDesktopConfigService.swift */; };
		9C5B1ABB80EFFEF201C62AAB /* WeeklyRhythmDataSource.swift in Sources */ = {isa = PBXBuildFile; fileRef = 2E417AC3384F05962FA62588 /* WeeklyRhythmDataSource.swift */; };
		A05720BF393011B270ABE894 /* EditEventSheet.swift in Sources */ = {isa = PBXBuildFile; fileRef = 83171E1A838C0577BABFF23F /* EditEventSheet.swift */; };
		A1F5C83EBA3836D3FFACAC5D /* WeeklyRhythmService.swift in Sources */ = {isa = PBXBuildFile; fileRef = 66C0B457A755E70A4E21D034 /* WeeklyRhythmService.swift */; };
		A1F93FFFAC5814DE06CC88AF /* WeeklyRhythm.swift in Sources */ = {isa = PBXBuildFile; fileRef = A84C5B5B9F422E0FEA151CF0 /* WeeklyRhythm.swift */; };
		A2B2C6005EF42A9C341F8826 /* FilePinningService.swift in Sources */ = {isa = PBXBuildFile; fileRef = 72B3F9599ED98BC09073C78C /* FilePinningService.swift */; };
		A57EFCA453010BE0DB621F72 /* Assets.xcassets in Resources */ = {isa = PBXBuildFile; fileRef = 48EB2A999B000B9AC11BB0DD /* Assets.xcassets */; };
		A5D861B2D8E9BA0284E7ECF6 /* UpdateStatus.swift in Sources */ = {isa = PBXBuildFile; fileRef = 754EF798D1DADA467A6A6D84 /* UpdateStatus.swift */; };
		A7D447D032884F15F3EA762E /* BadgeTracker.swift in Sources */ = {isa = PBXBuildFile; fileRef = C32B9115221657AAE3B2B132 /* BadgeTracker.swift */; };
		A97EBD40591158370B2039CC /* StepIllustrationView.swift in Sources */ = {isa = PBXBuildFile; fileRef = ED50D447877CF3DECD42F54F /* StepIllustrationView.swift */; };
		AC16ED65C6F3F4D772013284 /* AppUpdaterService.swift in Sources */ = {isa = PBXBuildFile; fileRef = 032C293DBDA62F6DEA4FCB24 /* AppUpdaterService.swift */; };
		ADE9797A2E5EE7EB3C461ED6 /* SettingsView.swift in Sources */ = {isa = PBXBuildFile; fileRef = D31AA9A8E09678D0693ACE38 /* SettingsView.swift */; };
		B04C24F776D1BB9275500DB0 /* weekly-rhythm-plugin-bundle in Resources */ = {isa = PBXBuildFile; fileRef = 21A8F7C1C7370A480AA42749 /* weekly-rhythm-plugin-bundle */; };
		B30AFA9528E558568F1FC9C0 /* gws-client-secret.json in Resources */ = {isa = PBXBuildFile; fileRef = B34078A97122C23C4D2D35E0 /* gws-client-secret.json */; };
		B4F10EEE4625314A880D027D /* SettingsViewModel.swift in Sources */ = {isa = PBXBuildFile; fileRef = BC40AFA45E29AF2DBF63CC15 /* SettingsViewModel.swift */; };
		B7C538A5D2630B86AEF3E048 /* SidebarCollapseButton.swift in Sources */ = {isa = PBXBuildFile; fileRef = 18F6C3CFC3DE69126D5C70F1 /* SidebarCollapseButton.swift */; };
		BCC20DC3968DB7047C53917E /* SetupWizardView.swift in Sources */ = {isa = PBXBuildFile; fileRef = 00E7AF22AE310DA57B354CDA /* SetupWizardView.swift */; };
		BE31F2E9C53C3C01AF59B9E0 /* AppNavigation.swift in Sources */ = {isa = PBXBuildFile; fileRef = C939E66D6E0DCFD3C6E6B28F /* AppNavigation.swift */; };
		BFFC39B7F0DEE48815EB2481 /* BackgroundTaskService.swift in Sources */ = {isa = PBXBuildFile; fileRef = EE892C2183E7CF82B548E18D /* BackgroundTaskService.swift */; };
		C0FDF12D701AEAEE4331FF13 /* Destination.swift in Sources */ = {isa = PBXBuildFile; fileRef = F8B7BB0163579ACD834ADBB1 /* Destination.swift */; };
		C3404068D33521F15C9DAC34 /* whats-new.json in Resources */ = {isa = PBXBuildFile; fileRef = CB4031837BBE075B7CEF1484 /* whats-new.json */; };
		CA4CA8134B5255875DB1AF2A /* Sparkle in Frameworks */ = {isa = PBXBuildFile; productRef = 8B75BAAFED90C32A32CA2420 /* Sparkle */; };
		CB346FEB794E23991188381B /* CoworkSkillService.swift in Sources */ = {isa = PBXBuildFile; fileRef = 354B5DB8AEAB5C2C6F4D2DCE /* CoworkSkillService.swift */; };
		D0927D0CC5D148C03FD75CB4 /* GhostBorderFieldDropdown.swift in Sources */ = {isa = PBXBuildFile; fileRef = 0A7111D9656E3FA9D7F6F054 /* GhostBorderFieldDropdown.swift */; };
		DC42DBCAD25AF1F2F3FDFF8D /* ConfigMdEditor.swift in Sources */ = {isa = PBXBuildFile; fileRef = 4DB01C9B5FC7912CFB5BBD2A /* ConfigMdEditor.swift */; };
		DF4E9A21418662B5D610866B /* ChangelogEntry.swift in Sources */ = {isa = PBXBuildFile; fileRef = 91BE7F2F52EFF582932E8B9D /* ChangelogEntry.swift */; };
		DFEE2E123FFC73F011AA13EB /* ClaudeChatPane.swift in Sources */ = {isa = PBXBuildFile; fileRef = 767920B3A5A38AFD4081D133 /* ClaudeChatPane.swift */; };
		E2A034CE471A68B4E0222C3E /* FamilyMemoryModels.swift in Sources */ = {isa = PBXBuildFile; fileRef = 8599C33B343D91784A3618B0 /* FamilyMemoryModels.swift */; };
		E39F0B6F301568824A772E71 /* Component.swift in Sources */ = {isa = PBXBuildFile; fileRef = 6F7E990CE834E05B52EAF553 /* Component.swift */; };
		EB1961D3A6B1297856EF3C69 /* ComponentDetailView.swift in Sources */ = {isa = PBXBuildFile; fileRef = D1A394C02034C7CEDA5FA603 /* ComponentDetailView.swift */; };
		EC2CC8D874906D44ABAA6C72 /* TriageRsvpControl.swift in Sources */ = {isa = PBXBuildFile; fileRef = 47821DD2E2C90209AADE1131 /* TriageRsvpControl.swift */; };
		ED44975C50A6C6A64F4954DE /* CheckForUpdatesView.swift in Sources */ = {isa = PBXBuildFile; fileRef = 69E67AB0BE82AA7AE5E6F418 /* CheckForUpdatesView.swift */; };
		EE0563F9E4C13C649D44F181 /* Sidebar.swift in Sources */ = {isa = PBXBuildFile; fileRef = D107F8C5D300A4F18DF49A3F /* Sidebar.swift */; };
		EF6A84B87BF7C01CF51F88F6 /* StepContentView.swift in Sources */ = {isa = PBXBuildFile; fileRef = 04657FBC8960E17F4E585ECA /* StepContentView.swift */; };
		F2EA15F87DAAF9BDF02FDFAE /* component-registry.json in Resources */ = {isa = PBXBuildFile; fileRef = CB45A8A63D1E4873C3D739AA /* component-registry.json */; };
		F37E0647A0A8D347473AA752 /* ComponentListViewModel.swift in Sources */ = {isa = PBXBuildFile; fileRef = EC09EC9C57BA66F1650B44A0 /* ComponentListViewModel.swift */; };
		F4855FF4FA0E88D59716A23B /* HomeView.swift in Sources */ = {isa = PBXBuildFile; fileRef = 03AD9F9995E212DEDA199051 /* HomeView.swift */; };
		F89C6DB5F46AA0E2B5C06700 /* engine-spec.md in Resources */ = {isa = PBXBuildFile; fileRef = 50C8FB18F4E77DC49B18BFA9 /* engine-spec.md */; };
		FE125FC93FD596804B8211EE /* claude-md-template.md in Resources */ = {isa = PBXBuildFile; fileRef = 910E96CDC9E2B2E4595DEFA8 /* claude-md-template.md */; };
/* End PBXBuildFile section */

/* Begin PBXContainerItemProxy section */
		97898CB52379AF67AB44B272 /* PBXContainerItemProxy */ = {
			isa = PBXContainerItemProxy;
			containerPortal = 672C6D2DFA922074863F8947 /* Project object */;
			proxyType = 1;
			remoteGlobalIDString = 5AB5DAACD8D2527E08316FE7;
			remoteInfo = FortAbodeUtilityCentral;
		};
/* End PBXContainerItemProxy section */

/* Begin PBXFileReference section */
		00E7940EB3A6AD0DB6A38C2F /* SetupWizardViewModel.swift */ = {isa = PBXFileReference; lastKnownFileType = sourcecode.swift; path = SetupWizardViewModel.swift; sourceTree = "<group>"; };
		00E7AF22AE310DA57B354CDA /* SetupWizardView.swift */ = {isa = PBXFileReference; lastKnownFileType = sourcecode.swift; path = SetupWizardView.swift; sourceTree = "<group>"; };
		0115CDA875DB5D2D4BA7C4AA /* WeeklyRhythmView.swift */ = {isa = PBXFileReference; lastKnownFileType = sourcecode.swift; path = WeeklyRhythmView.swift; sourceTree = "<group>"; };
		01FF0FA5D6DBEBF7A139D6FD /* FamilyView.swift */ = {isa = PBXFileReference; lastKnownFileType = sourcecode.swift; path = FamilyView.swift; sourceTree = "<group>"; };
		02B29456AE09E75239846438 /* KeychainService.swift */ = {isa = PBXFileReference; lastKnownFileType = sourcecode.swift; path = KeychainService.swift; sourceTree = "<group>"; };
		032C293DBDA62F6DEA4FCB24 /* AppUpdaterService.swift */ = {isa = PBXFileReference; lastKnownFileType = sourcecode.swift; path = AppUpdaterService.swift; sourceTree = "<group>"; };
		03AD9F9995E212DEDA199051 /* HomeView.swift */ = {isa = PBXFileReference; lastKnownFileType = sourcecode.swift; path = HomeView.swift; sourceTree = "<group>"; };
		04657FBC8960E17F4E585ECA /* StepContentView.swift */ = {isa = PBXFileReference; lastKnownFileType = sourcecode.swift; path = StepContentView.swift; sourceTree = "<group>"; };
		0A7111D9656E3FA9D7F6F054 /* GhostBorderFieldDropdown.swift */ = {isa = PBXFileReference; lastKnownFileType = sourcecode.swift; path = GhostBorderFieldDropdown.swift; sourceTree = "<group>"; };
		0C827BD5D498E86D1F3BEC2D /* GitHubService.swift */ = {isa = PBXFileReference; lastKnownFileType = sourcecode.swift; path = GitHubService.swift; sourceTree = "<group>"; };
		1341A36E69A185933A6187F4 /* RootView.swift */ = {isa = PBXFileReference; lastKnownFileType = sourcecode.swift; path = RootView.swift; sourceTree = "<group>"; };
		14788FA8AC138E58AD03BFC7 /* FamilyMemoryView.swift */ = {isa = PBXFileReference; lastKnownFileType = sourcecode.swift; path = FamilyMemoryView.swift; sourceTree = "<group>"; };
		16FB3766D3708E744FA90472 /* WhatsNewView.swift */ = {isa = PBXFileReference; lastKnownFileType = sourcecode.swift; path = WhatsNewView.swift; sourceTree = "<group>"; };
		18F6C3CFC3DE69126D5C70F1 /* SidebarCollapseButton.swift */ = {isa = PBXFileReference; lastKnownFileType = sourcecode.swift; path = SidebarCollapseButton.swift; sourceTree = "<group>"; };
		1C5D0EF96B4D7D82238B66ED /* WeeklyRhythmEngineSection.swift */ = {isa = PBXFileReference; lastKnownFileType = sourcecode.swift; path = WeeklyRhythmEngineSection.swift; sourceTree = "<group>"; };
		1EB57DA95F7124E0519B2C86 /* ErrorLogger.swift */ = {isa = PBXFileReference; lastKnownFileType = sourcecode.swift; path = ErrorLogger.swift; sourceTree = "<group>"; };
		21A8F7C1C7370A480AA42749 /* weekly-rhythm-plugin-bundle */ = {isa = PBXFileReference; lastKnownFileType = folder; name = "weekly-rhythm-plugin-bundle"; path = "Resources/weekly-rhythm-plugin-bundle"; sourceTree = SOURCE_ROOT; };
		249CE7BC7FB6CB8C7FA08D10 /* ClaudeAuthKeychainService.swift */ = {isa = PBXFileReference; lastKnownFileType = sourcecode.swift; path = ClaudeAuthKeychainService.swift; sourceTree = "<group>"; };
		2E417AC3384F05962FA62588 /* WeeklyRhythmDataSource.swift */ = {isa = PBXFileReference; lastKnownFileType = sourcecode.swift; path = WeeklyRhythmDataSource.swift; sourceTree = "<group>"; };
		354B5DB8AEAB5C2C6F4D2DCE /* CoworkSkillService.swift */ = {isa = PBXFileReference; lastKnownFileType = sourcecode.swift; path = CoworkSkillService.swift; sourceTree = "<group>"; };
		3757BEFBB847475D0690FF32 /* FeedbackView.swift */ = {isa = PBXFileReference; lastKnownFileType = sourcecode.swift; path = FeedbackView.swift; sourceTree = "<group>"; };
		37EB2DD0D3E1CBC8A343C150 /* ComponentHealthCard.swift */ = {isa = PBXFileReference; lastKnownFileType = sourcecode.swift; path = ComponentHealthCard.swift; sourceTree = "<group>"; };
		3AB3D27CB30E231A6EF2EF26 /* ChatPanel.swift */ = {isa = PBXFileReference; lastKnownFileType = sourcecode.swift; path = ChatPanel.swift; sourceTree = "<group>"; };
		3C3580CD173E87DCBCC770F4 /* ChatPanelHeader.swift */ = {isa = PBXFileReference; lastKnownFileType = sourcecode.swift; path = ChatPanelHeader.swift; sourceTree = "<group>"; };
		3DACD2838A1C216461103AE6 /* FeedbackService.swift */ = {isa = PBXFileReference; lastKnownFileType = sourcecode.swift; path = FeedbackService.swift; sourceTree = "<group>"; };
		3F6F08569570B37845FC1387 /* AlignedSheet.swift */ = {isa = PBXFileReference; lastKnownFileType = sourcecode.swift; path = AlignedSheet.swift; sourceTree = "<group>"; };
		412B13C7BB1BF39888717812 /* MissingMCPsSheet.swift */ = {isa = PBXFileReference; lastKnownFileType = sourcecode.swift; path = MissingMCPsSheet.swift; sourceTree = "<group>"; };
		418F1A3FCCAA74A9749BDE1E /* WeeklyRhythmPathResolver.swift */ = {isa = PBXFileReference; lastKnownFileType = sourcecode.swift; path = WeeklyRhythmPathResolver.swift; sourceTree = "<group>"; };
		47821DD2E2C90209AADE1131 /* TriageRsvpControl.swift */ = {isa = PBXFileReference; lastKnownFileType = sourcecode.swift; path = TriageRsvpControl.swift; sourceTree = "<group>"; };
		48EB2A999B000B9AC11BB0DD /* Assets.xcassets */ = {isa = PBXFileReference; lastKnownFileType = folder.assetcatalog; path = Assets.xcassets; sourceTree = "<group>"; };
		4DB01C9B5FC7912CFB5BBD2A /* ConfigMdEditor.swift */ = {isa = PBXFileReference; lastKnownFileType = sourcecode.swift; path = ConfigMdEditor.swift; sourceTree = "<group>"; };
		50C8FB18F4E77DC49B18BFA9 /* engine-spec.md */ = {isa = PBXFileReference; lastKnownFileType = net.daringfireball.markdown; path = "engine-spec.md"; sourceTree = "<group>"; };
		52A1E55BD560971A940F171A /* VersionDetectionService.swift */ = {isa = PBXFileReference; lastKnownFileType = sourcecode.swift; path = VersionDetectionService.swift; sourceTree = "<group>"; };
		564A22B818E62E0E1921A86F /* EditTriageSheet.swift */ = {isa = PBXFileReference; lastKnownFileType = sourcecode.swift; path = EditTriageSheet.swift; sourceTree = "<group>"; };
		57C7879CB390CE3D57122B8F /* WeeklyRhythmRunControl.swift */ = {isa = PBXFileReference; lastKnownFileType = sourcecode.swift; path = WeeklyRhythmRunControl.swift; sourceTree = "<group>"; };
		5914439D10E470294A91A039 /* FortAbodeUtilityCentral.app */ = {isa = PBXFileReference; explicitFileType = wrapper.application; includeInIndex = 0; path = FortAbodeUtilityCentral.app; sourceTree = BUILT_PRODUCTS_DIR; };
		5C01EEE9A69F8B9DE4572C90 /* WeeklyRhythmSkillInstaller.swift */ = {isa = PBXFileReference; lastKnownFileType = sourcecode.swift; path = WeeklyRhythmSkillInstaller.swift; sourceTree = "<group>"; };
		5EF56794AE0F9F09B953BC13 /* MockWeeklyRhythmDataSource.swift */ = {isa = PBXFileReference; lastKnownFileType = sourcecode.swift; path = MockWeeklyRhythmDataSource.swift; sourceTree = "<group>"; };
		66C0B457A755E70A4E21D034 /* WeeklyRhythmService.swift */ = {isa = PBXFileReference; lastKnownFileType = sourcecode.swift; path = WeeklyRhythmService.swift; sourceTree = "<group>"; };
		67CBAA3E68AE042FD8F6FFDF /* ClaudeCodeConfigService.swift */ = {isa = PBXFileReference; lastKnownFileType = sourcecode.swift; path = ClaudeCodeConfigService.swift; sourceTree = "<group>"; };
		69E67AB0BE82AA7AE5E6F418 /* CheckForUpdatesView.swift */ = {isa = PBXFileReference; lastKnownFileType = sourcecode.swift; path = CheckForUpdatesView.swift; sourceTree = "<group>"; };
		6F7E990CE834E05B52EAF553 /* Component.swift */ = {isa = PBXFileReference; lastKnownFileType = sourcecode.swift; path = Component.swift; sourceTree = "<group>"; };
		72B3F9599ED98BC09073C78C /* FilePinningService.swift */ = {isa = PBXFileReference; lastKnownFileType = sourcecode.swift; path = FilePinningService.swift; sourceTree = "<group>"; };
		750E9292C50A1D0B0C4EE603 /* dashboard-template.html */ = {isa = PBXFileReference; lastKnownFileType = text.html; path = "dashboard-template.html"; sourceTree = "<group>"; };
		754EF798D1DADA467A6A6D84 /* UpdateStatus.swift */ = {isa = PBXFileReference; lastKnownFileType = sourcecode.swift; path = UpdateStatus.swift; sourceTree = "<group>"; };
		767920B3A5A38AFD4081D133 /* ClaudeChatPane.swift */ = {isa = PBXFileReference; lastKnownFileType = sourcecode.swift; path = ClaudeChatPane.swift; sourceTree = "<group>"; };
		782EFED7B8F2AD1265BCF690 /* ComponentRegistry.swift */ = {isa = PBXFileReference; lastKnownFileType = sourcecode.swift; path = ComponentRegistry.swift; sourceTree = "<group>"; };
		7D874D5A2A3528B406492C6B /* FullDiskAccessService.swift */ = {isa = PBXFileReference; lastKnownFileType = sourcecode.swift; path = FullDiskAccessService.swift; sourceTree = "<group>"; };
		7DF8C7B7AABE2431944A25E9 /* MCPProbe.swift */ = {isa = PBXFileReference; lastKnownFileType = sourcecode.swift; path = MCPProbe.swift; sourceTree = "<group>"; };
		7FB63D56853D1FFB0742D448 /* MarketplaceView.swift */ = {isa = PBXFileReference; lastKnownFileType = sourcecode.swift; path = MarketplaceView.swift; sourceTree = "<group>"; };
		801F8855770E536D9FD34420 /* ClaudeAuthSetupSheet.swift */ = {isa = PBXFileReference; lastKnownFileType = sourcecode.swift; path = ClaudeAuthSetupSheet.swift; sourceTree = "<group>"; };
		80DD857A1CB762AC7991C68C /* WeeklyRhythmUIStateStore.swift */ = {isa = PBXFileReference; lastKnownFileType = sourcecode.swift; path = WeeklyRhythmUIStateStore.swift; sourceTree = "<group>"; };
		83171E1A838C0577BABFF23F /* EditEventSheet.swift */ = {isa = PBXFileReference; lastKnownFileType = sourcecode.swift; path = EditEventSheet.swift; sourceTree = "<group>"; };
		8599C33B343D91784A3618B0 /* FamilyMemoryModels.swift */ = {isa = PBXFileReference; lastKnownFileType = sourcecode.swift; path = FamilyMemoryModels.swift; sourceTree = "<group>"; };
		8776F4FEAAFE5DD29E8C1730 /* WhyModal.swift */ = {isa = PBXFileReference; lastKnownFileType = sourcecode.swift; path = WhyModal.swift; sourceTree = "<group>"; };
		8BECADF7B96CB7D3842E642F /* ActivationView.swift */ = {isa = PBXFileReference; lastKnownFileType = sourcecode.swift; path = ActivationView.swift; sourceTree = "<group>"; };
		8ED7ECBE41703B1FC4EB0791 /* GitHubServiceTests.swift */ = {isa = PBXFileReference; lastKnownFileType = sourcecode.swift; path = GitHubServiceTests.swift; sourceTree = "<group>"; };
		8F5E929A9A401F87718B0983 /* PendingMutationsStore.swift */ = {isa = PBXFileReference; lastKnownFileType = sourcecode.swift; path = PendingMutationsStore.swift; sourceTree = "<group>"; };
		910E96CDC9E2B2E4595DEFA8 /* claude-md-template.md */ = {isa = PBXFileReference; lastKnownFileType = net.daringfireball.markdown; path = "claude-md-template.md"; sourceTree = "<group>"; };
		91BE7F2F52EFF582932E8B9D /* ChangelogEntry.swift */ = {isa = PBXFileReference; lastKnownFileType = sourcecode.swift; path = ChangelogEntry.swift; sourceTree = "<group>"; };
		9462C3630F3A00A990888CA2 /* RunHealthPill.swift */ = {isa = PBXFileReference; lastKnownFileType = sourcecode.swift; path = RunHealthPill.swift; sourceTree = "<group>"; };
		9646955BDB7A4F405EB1FDF0 /* SetupValidationService.swift */ = {isa = PBXFileReference; lastKnownFileType = sourcecode.swift; path = SetupValidationService.swift; sourceTree = "<group>"; };
		9A1B1F334020349AF1BB567F /* AppSettings.swift */ = {isa = PBXFileReference; lastKnownFileType = sourcecode.swift; path = AppSettings.swift; sourceTree = "<group>"; };
		9F2F5EA39EAE9558037F9670 /* FileBackedWeeklyRhythmDataSource.swift */ = {isa = PBXFileReference; lastKnownFileType = sourcecode.swift; path = FileBackedWeeklyRhythmDataSource.swift; sourceTree = "<group>"; };
		A100840E6248DECFE28C4DBF /* FortAbodeUtilityCentralTests.xctest */ = {isa = PBXFileReference; explicitFileType = wrapper.cfbundle; includeInIndex = 0; path = FortAbodeUtilityCentralTests.xctest; sourceTree = BUILT_PRODUCTS_DIR; };
		A49ABEA06B33CB1666AD17A0 /* ClaudeDesktopConfigService.swift */ = {isa = PBXFileReference; lastKnownFileType = sourcecode.swift; path = ClaudeDesktopConfigService.swift; sourceTree = "<group>"; };
		A72018BAC4B42C0C76B18B09 /* WeeklyRhythmSkillInstallSheet.swift */ = {isa = PBXFileReference; lastKnownFileType = sourcecode.swift; path = WeeklyRhythmSkillInstallSheet.swift; sourceTree = "<group>"; };
		A84C5B5B9F422E0FEA151CF0 /* WeeklyRhythm.swift */ = {isa = PBXFileReference; lastKnownFileType = sourcecode.swift; path = WeeklyRhythm.swift; sourceTree = "<group>"; };
		A88614DCA2B0E6155C755D3C /* SecureInputStorage.swift */ = {isa = PBXFileReference; lastKnownFileType = sourcecode.swift; path = SecureInputStorage.swift; sourceTree = "<group>"; };
		AC9BDBAE1BA8CDCF7640CE6B /* PageScaffold.swift */ = {isa = PBXFileReference; lastKnownFileType = sourcecode.swift; path = PageScaffold.swift; sourceTree = "<group>"; };
		B245C0720A4C0BC3EBC09BF2 /* ChatComposer.swift */ = {isa = PBXFileReference; lastKnownFileType = sourcecode.swift; path = ChatComposer.swift; sourceTree = "<group>"; };
		B34078A97122C23C4D2D35E0 /* gws-client-secret.json */ = {isa = PBXFileReference; lastKnownFileType = text.json; path = "gws-client-secret.json"; sourceTree = "<group>"; };
		BA1C59FBAA6BF53EE5F93CE0 /* NotificationService.swift */ = {isa = PBXFileReference; lastKnownFileType = sourcecode.swift; path = NotificationService.swift; sourceTree = "<group>"; };
		BC40AFA45E29AF2DBF63CC15 /* SettingsViewModel.swift */ = {isa = PBXFileReference; lastKnownFileType = sourcecode.swift; path = SettingsViewModel.swift; sourceTree = "<group>"; };
		BD5F1C96EFA4D647FFDA57BB /* RunHealthDetailSheet.swift */ = {isa = PBXFileReference; lastKnownFileType = sourcecode.swift; path = RunHealthDetailSheet.swift; sourceTree = "<group>"; };
		C2743470CF6F7A2E42396FAC /* FamilyHealthDashboard.swift */ = {isa = PBXFileReference; lastKnownFileType = sourcecode.swift; path = FamilyHealthDashboard.swift; sourceTree = "<group>"; };
		C32B9115221657AAE3B2B132 /* BadgeTracker.swift */ = {isa = PBXFileReference; lastKnownFileType = sourcecode.swift; path = BadgeTracker.swift; sourceTree = "<group>"; };
		C8F9DE0077075CA77D29FF77 /* FortAbodeUtilityCentralApp.swift */ = {isa = PBXFileReference; lastKnownFileType = sourcecode.swift; path = FortAbodeUtilityCentralApp.swift; sourceTree = "<group>"; };
		C939E66D6E0DCFD3C6E6B28F /* AppNavigation.swift */ = {isa = PBXFileReference; lastKnownFileType = sourcecode.swift; path = AppNavigation.swift; sourceTree = "<group>"; };
		CB0B45EFBB7DD5A133107515 /* ComponentRegistryTests.swift */ = {isa = PBXFileReference; lastKnownFileType = sourcecode.swift; path = ComponentRegistryTests.swift; sourceTree = "<group>"; };
		CB4031837BBE075B7CEF1484 /* whats-new.json */ = {isa = PBXFileReference; lastKnownFileType = text.json; path = "whats-new.json"; sourceTree = "<group>"; };
		CB45A8A63D1E4873C3D739AA /* component-registry.json */ = {isa = PBXFileReference; lastKnownFileType = text.json; path = "component-registry.json"; sourceTree = "<group>"; };
		CD284AB922259409852EBE73 /* WeeklyRhythmEngineStore.swift */ = {isa = PBXFileReference; lastKnownFileType = sourcecode.swift; path = WeeklyRhythmEngineStore.swift; sourceTree = "<group>"; };
		CF650F1C05A9FE3D738BAA42 /* FamilyMemoryService.swift */ = {isa = PBXFileReference; lastKnownFileType = sourcecode.swift; path = FamilyMemoryService.swift; sourceTree = "<group>"; };
		CFEBF1AD73F4AD47132E5387 /* weekly-rhythm-skill-wrapper.md */ = {isa = PBXFileReference; lastKnownFileType = net.daringfireball.markdown; path = "weekly-rhythm-skill-wrapper.md"; sourceTree = "<group>"; };
		D107F8C5D300A4F18DF49A3F /* Sidebar.swift */ = {isa = PBXFileReference; lastKnownFileType = sourcecode.swift; path = Sidebar.swift; sourceTree = "<group>"; };
		D1A394C02034C7CEDA5FA603 /* ComponentDetailView.swift */ = {isa = PBXFileReference; lastKnownFileType = sourcecode.swift; path = ComponentDetailView.swift; sourceTree = "<group>"; };
		D31AA9A8E09678D0693ACE38 /* SettingsView.swift */ = {isa = PBXFileReference; lastKnownFileType = sourcecode.swift; path = SettingsView.swift; sourceTree = "<group>"; };
		D59852CE50DAEC545C6B0C0E /* ChatMessage.swift */ = {isa = PBXFileReference; lastKnownFileType = sourcecode.swift; path = ChatMessage.swift; sourceTree = "<group>"; };
		D71386BF1C667590FCF48FB8 /* FamilyChatPane.swift */ = {isa = PBXFileReference; lastKnownFileType = sourcecode.swift; path = FamilyChatPane.swift; sourceTree = "<group>"; };
		DBFD216C2A59D0C5332408B4 /* ClaudeCLIDetector.swift */ = {isa = PBXFileReference; lastKnownFileType = sourcecode.swift; path = ClaudeCLIDetector.swift; sourceTree = "<group>"; };
		DCC66F9F30443EC4D0D153F9 /* WeeklyRhythmEngineRunner.swift */ = {isa = PBXFileReference; lastKnownFileType = sourcecode.swift; path = WeeklyRhythmEngineRunner.swift; sourceTree = "<group>"; };
		DE0AC8F02FED91F42FC4EB00 /* VersionComparisonTests.swift */ = {isa = PBXFileReference; lastKnownFileType = sourcecode.swift; path = VersionComparisonTests.swift; sourceTree = "<group>"; };
		E343B9250E53EF5FE8057DAE /* UpdateExecutionService.swift */ = {isa = PBXFileReference; lastKnownFileType = sourcecode.swift; path = UpdateExecutionService.swift; sourceTree = "<group>"; };
		E6B493D672539E78B60DC3E8 /* FeedbackViewModel.swift */ = {isa = PBXFileReference; lastKnownFileType = sourcecode.swift; path = FeedbackViewModel.swift; sourceTree = "<group>"; };
		EC09EC9C57BA66F1650B44A0 /* ComponentListViewModel.swift */ = {isa = PBXFileReference; lastKnownFileType = sourcecode.swift; path = ComponentListViewModel.swift; sourceTree = "<group>"; };
		ED50D447877CF3DECD42F54F /* StepIllustrationView.swift */ = {isa = PBXFileReference; lastKnownFileType = sourcecode.swift; path = StepIllustrationView.swift; sourceTree = "<group>"; };
		EE892C2183E7CF82B548E18D /* BackgroundTaskService.swift */ = {isa = PBXFileReference; lastKnownFileType = sourcecode.swift; path = BackgroundTaskService.swift; sourceTree = "<group>"; };
		F4FB784FE53060D8FF7EEE72 /* AppState.swift */ = {isa = PBXFileReference; lastKnownFileType = sourcecode.swift; path = AppState.swift; sourceTree = "<group>"; };
		F67306E0D4DE7A228BD944B8 /* HealthCheck.swift */ = {isa = PBXFileReference; lastKnownFileType = sourcecode.swift; path = HealthCheck.swift; sourceTree = "<group>"; };
		F8B7BB0163579ACD834ADBB1 /* Destination.swift */ = {isa = PBXFileReference; lastKnownFileType = sourcecode.swift; path = Destination.swift; sourceTree = "<group>"; };
		FE4CB53B5CB04DACA0FDC375 /* VersionDetectionTests.swift */ = {isa = PBXFileReference; lastKnownFileType = sourcecode.swift; path = VersionDetectionTests.swift; sourceTree = "<group>"; };
/* End PBXFileReference section */

/* Begin PBXFrameworksBuildPhase section */
		DB6C849ABD047945A86F0698 /* Frameworks */ = {
			isa = PBXFrameworksBuildPhase;
			buildActionMask = 2147483647;
			files = (
				CA4CA8134B5255875DB1AF2A /* Sparkle in Frameworks */,
				91905EBBC828F6BCDF09EF1A /* AlignedDesignSystem in Frameworks */,
			);
			runOnlyForDeploymentPostprocessing = 0;
		};
/* End PBXFrameworksBuildPhase section */

/* Begin PBXGroup section */
		0195949D7590925F8B1AF29E /* WeeklyRhythmEngine */ = {
			isa = PBXGroup;
			children = (
				DBFD216C2A59D0C5332408B4 /* ClaudeCLIDetector.swift */,
				7DF8C7B7AABE2431944A25E9 /* MCPProbe.swift */,
				DCC66F9F30443EC4D0D153F9 /* WeeklyRhythmEngineRunner.swift */,
				CD284AB922259409852EBE73 /* WeeklyRhythmEngineStore.swift */,
				5C01EEE9A69F8B9DE4572C90 /* WeeklyRhythmSkillInstaller.swift */,
			);
			path = WeeklyRhythmEngine;
			sourceTree = "<group>";
		};
		15E77D64ABA66073AF28090E /* Services */ = {
			isa = PBXGroup;
			children = (
				032C293DBDA62F6DEA4FCB24 /* AppUpdaterService.swift */,
				EE892C2183E7CF82B548E18D /* BackgroundTaskService.swift */,
				249CE7BC7FB6CB8C7FA08D10 /* ClaudeAuthKeychainService.swift */,
				67CBAA3E68AE042FD8F6FFDF /* ClaudeCodeConfigService.swift */,
				A49ABEA06B33CB1666AD17A0 /* ClaudeDesktopConfigService.swift */,
				354B5DB8AEAB5C2C6F4D2DCE /* CoworkSkillService.swift */,
				1EB57DA95F7124E0519B2C86 /* ErrorLogger.swift */,
				CF650F1C05A9FE3D738BAA42 /* FamilyMemoryService.swift */,
				3DACD2838A1C216461103AE6 /* FeedbackService.swift */,
				72B3F9599ED98BC09073C78C /* FilePinningService.swift */,
				7D874D5A2A3528B406492C6B /* FullDiskAccessService.swift */,
				0C827BD5D498E86D1F3BEC2D /* GitHubService.swift */,
				02B29456AE09E75239846438 /* KeychainService.swift */,
				BA1C59FBAA6BF53EE5F93CE0 /* NotificationService.swift */,
				A88614DCA2B0E6155C755D3C /* SecureInputStorage.swift */,
				9646955BDB7A4F405EB1FDF0 /* SetupValidationService.swift */,
				E343B9250E53EF5FE8057DAE /* UpdateExecutionService.swift */,
				52A1E55BD560971A940F171A /* VersionDetectionService.swift */,
				66C0B457A755E70A4E21D034 /* WeeklyRhythmService.swift */,
				82E51D3240B7F28EAF8D7089 /* WeeklyRhythm */,
				0195949D7590925F8B1AF29E /* WeeklyRhythmEngine */,
			);
			path = Services;
			sourceTree = "<group>";
		};
		2A30269D269741003D221D42 /* SetupWizard */ = {
			isa = PBXGroup;
			children = (
				00E7AF22AE310DA57B354CDA /* SetupWizardView.swift */,
				04657FBC8960E17F4E585ECA /* StepContentView.swift */,
				ED50D447877CF3DECD42F54F /* StepIllustrationView.swift */,
			);
			path = SetupWizard;
			sourceTree = "<group>";
		};
		2B7E777056D86D2A12C04C6D /* App */ = {
			isa = PBXGroup;
			children = (
				C8F9DE0077075CA77D29FF77 /* FortAbodeUtilityCentralApp.swift */,
			);
			path = App;
			sourceTree = "<group>";
		};
		4949B0D91CB6B21D4272EC08 /* Resources */ = {
			isa = PBXGroup;
			children = (
				48EB2A999B000B9AC11BB0DD /* Assets.xcassets */,
				910E96CDC9E2B2E4595DEFA8 /* claude-md-template.md */,
				CB45A8A63D1E4873C3D739AA /* component-registry.json */,
				750E9292C50A1D0B0C4EE603 /* dashboard-template.html */,
				50C8FB18F4E77DC49B18BFA9 /* engine-spec.md */,
				B34078A97122C23C4D2D35E0 /* gws-client-secret.json */,
				21A8F7C1C7370A480AA42749 /* weekly-rhythm-plugin-bundle */,
				CFEBF1AD73F4AD47132E5387 /* weekly-rhythm-skill-wrapper.md */,
				CB4031837BBE075B7CEF1484 /* whats-new.json */,
			);
			path = Resources;
			sourceTree = "<group>";
		};
		4A947DC71E3A5912AEA9D3A5 /* Chat */ = {
			isa = PBXGroup;
			children = (
				B245C0720A4C0BC3EBC09BF2 /* ChatComposer.swift */,
				D59852CE50DAEC545C6B0C0E /* ChatMessage.swift */,
				3AB3D27CB30E231A6EF2EF26 /* ChatPanel.swift */,
				3C3580CD173E87DCBCC770F4 /* ChatPanelHeader.swift */,
				767920B3A5A38AFD4081D133 /* ClaudeChatPane.swift */,
				D71386BF1C667590FCF48FB8 /* FamilyChatPane.swift */,
			);
			path = Chat;
			sourceTree = "<group>";
		};
		5334E12F30C8D8C06E31F58F /* Views */ = {
			isa = PBXGroup;
			children = (
				8BECADF7B96CB7D3842E642F /* ActivationView.swift */,
				69E67AB0BE82AA7AE5E6F418 /* CheckForUpdatesView.swift */,
				D1A394C02034C7CEDA5FA603 /* ComponentDetailView.swift */,
				37EB2DD0D3E1CBC8A343C150 /* ComponentHealthCard.swift */,
				C2743470CF6F7A2E42396FAC /* FamilyHealthDashboard.swift */,
				14788FA8AC138E58AD03BFC7 /* FamilyMemoryView.swift */,
				3757BEFBB847475D0690FF32 /* FeedbackView.swift */,
				7FB63D56853D1FFB0742D448 /* MarketplaceView.swift */,
				D31AA9A8E09678D0693ACE38 /* SettingsView.swift */,
				16FB3766D3708E744FA90472 /* WhatsNewView.swift */,
				4A947DC71E3A5912AEA9D3A5 /* Chat */,
				73EEB8A86B0CDC66AD4DCD75 /* Components */,
				A3AD0155CC1F255978DB64F7 /* Navigation */,
				7A3D9489BB29CB2E8BC2A634 /* Pages */,
				AA4FE0EDF80BE4E3C198AB36 /* Settings */,
				2A30269D269741003D221D42 /* SetupWizard */,
			);
			path = Views;
			sourceTree = "<group>";
		};
		5D479E04ACFEEEA687B5462E = {
			isa = PBXGroup;
			children = (
				2B7E777056D86D2A12C04C6D /* App */,
				A1581729D85D6A0D2DD33C27 /* Models */,
				4949B0D91CB6B21D4272EC08 /* Resources */,
				15E77D64ABA66073AF28090E /* Services */,
				9D7AAC079B3E5A312C8D72E2 /* State */,
				AC76D68796CD55ABBC7527DD /* Tests */,
				FCCA5454EB829458B8F5B7EA /* ViewModels */,
				5334E12F30C8D8C06E31F58F /* Views */,
				E9A2CE9F8D9A16777B2182EF /* Products */,
			);
			sourceTree = "<group>";
		};
		73EEB8A86B0CDC66AD4DCD75 /* Components */ = {
			isa = PBXGroup;
			children = (
				3F6F08569570B37845FC1387 /* AlignedSheet.swift */,
				801F8855770E536D9FD34420 /* ClaudeAuthSetupSheet.swift */,
				83171E1A838C0577BABFF23F /* EditEventSheet.swift */,
				564A22B818E62E0E1921A86F /* EditTriageSheet.swift */,
				0A7111D9656E3FA9D7F6F054 /* GhostBorderFieldDropdown.swift */,
				412B13C7BB1BF39888717812 /* MissingMCPsSheet.swift */,
				AC9BDBAE1BA8CDCF7640CE6B /* PageScaffold.swift */,
				BD5F1C96EFA4D647FFDA57BB /* RunHealthDetailSheet.swift */,
				9462C3630F3A00A990888CA2 /* RunHealthPill.swift */,
				47821DD2E2C90209AADE1131 /* TriageRsvpControl.swift */,
				57C7879CB390CE3D57122B8F /* WeeklyRhythmRunControl.swift */,
				A72018BAC4B42C0C76B18B09 /* WeeklyRhythmSkillInstallSheet.swift */,
				8776F4FEAAFE5DD29E8C1730 /* WhyModal.swift */,
			);
			path = Components;
			sourceTree = "<group>";
		};
		7A3D9489BB29CB2E8BC2A634 /* Pages */ = {
			isa = PBXGroup;
			children = (
				01FF0FA5D6DBEBF7A139D6FD /* FamilyView.swift */,
				03AD9F9995E212DEDA199051 /* HomeView.swift */,
				0115CDA875DB5D2D4BA7C4AA /* WeeklyRhythmView.swift */,
			);
			path = Pages;
			sourceTree = "<group>";
		};
		82E51D3240B7F28EAF8D7089 /* WeeklyRhythm */ = {
			isa = PBXGroup;
			children = (
				4DB01C9B5FC7912CFB5BBD2A /* ConfigMdEditor.swift */,
				9F2F5EA39EAE9558037F9670 /* FileBackedWeeklyRhythmDataSource.swift */,
				5EF56794AE0F9F09B953BC13 /* MockWeeklyRhythmDataSource.swift */,
				8F5E929A9A401F87718B0983 /* PendingMutationsStore.swift */,
				2E417AC3384F05962FA62588 /* WeeklyRhythmDataSource.swift */,
				418F1A3FCCAA74A9749BDE1E /* WeeklyRhythmPathResolver.swift */,
				80DD857A1CB762AC7991C68C /* WeeklyRhythmUIStateStore.swift */,
			);
			path = WeeklyRhythm;
			sourceTree = "<group>";
		};
		9D7AAC079B3E5A312C8D72E2 /* State */ = {
			isa = PBXGroup;
			children = (
				F4FB784FE53060D8FF7EEE72 /* AppState.swift */,
			);
			path = State;
			sourceTree = "<group>";
		};
		A1581729D85D6A0D2DD33C27 /* Models */ = {
			isa = PBXGroup;
			children = (
				C939E66D6E0DCFD3C6E6B28F /* AppNavigation.swift */,
				9A1B1F334020349AF1BB567F /* AppSettings.swift */,
				C32B9115221657AAE3B2B132 /* BadgeTracker.swift */,
				91BE7F2F52EFF582932E8B9D /* ChangelogEntry.swift */,
				6F7E990CE834E05B52EAF553 /* Component.swift */,
				782EFED7B8F2AD1265BCF690 /* ComponentRegistry.swift */,
				8599C33B343D91784A3618B0 /* FamilyMemoryModels.swift */,
				F67306E0D4DE7A228BD944B8 /* HealthCheck.swift */,
				754EF798D1DADA467A6A6D84 /* UpdateStatus.swift */,
				A84C5B5B9F422E0FEA151CF0 /* WeeklyRhythm.swift */,
			);
			path = Models;
			sourceTree = "<group>";
		};
		A3AD0155CC1F255978DB64F7 /* Navigation */ = {
			isa = PBXGroup;
			children = (
				F8B7BB0163579ACD834ADBB1 /* Destination.swift */,
				1341A36E69A185933A6187F4 /* RootView.swift */,
				D107F8C5D300A4F18DF49A3F /* Sidebar.swift */,
				18F6C3CFC3DE69126D5C70F1 /* SidebarCollapseButton.swift */,
			);
			path = Navigation;
			sourceTree = "<group>";
		};
		AA4FE0EDF80BE4E3C198AB36 /* Settings */ = {
			isa = PBXGroup;
			children = (
				1C5D0EF96B4D7D82238B66ED /* WeeklyRhythmEngineSection.swift */,
			);
			path = Settings;
			sourceTree = "<group>";
		};
		AC76D68796CD55ABBC7527DD /* Tests */ = {
			isa = PBXGroup;
			children = (
				CB0B45EFBB7DD5A133107515 /* ComponentRegistryTests.swift */,
				8ED7ECBE41703B1FC4EB0791 /* GitHubServiceTests.swift */,
				DE0AC8F02FED91F42FC4EB00 /* VersionComparisonTests.swift */,
				FE4CB53B5CB04DACA0FDC375 /* VersionDetectionTests.swift */,
			);
			path = Tests;
			sourceTree = "<group>";
		};
		E9A2CE9F8D9A16777B2182EF /* Products */ = {
			isa = PBXGroup;
			children = (
				5914439D10E470294A91A039 /* FortAbodeUtilityCentral.app */,
				A100840E6248DECFE28C4DBF /* FortAbodeUtilityCentralTests.xctest */,
			);
			name = Products;
			sourceTree = "<group>";
		};
		FCCA5454EB829458B8F5B7EA /* ViewModels */ = {
			isa = PBXGroup;
			children = (
				EC09EC9C57BA66F1650B44A0 /* ComponentListViewModel.swift */,
				E6B493D672539E78B60DC3E8 /* FeedbackViewModel.swift */,
				BC40AFA45E29AF2DBF63CC15 /* SettingsViewModel.swift */,
				00E7940EB3A6AD0DB6A38C2F /* SetupWizardViewModel.swift */,
			);
			path = ViewModels;
			sourceTree = "<group>";
		};
/* End PBXGroup section */

/* Begin PBXNativeTarget section */
		259834D58F25C5FD01D98AB6 /* FortAbodeUtilityCentralTests */ = {
			isa = PBXNativeTarget;
			buildConfigurationList = 3B7083FB93BFD0956C9770D7 /* Build configuration list for PBXNativeTarget "FortAbodeUtilityCentralTests" */;
			buildPhases = (
				C502865F18D5CFA7CE961DC2 /* Sources */,
			);
			buildRules = (
			);
			dependencies = (
				52752C4EFA1E754339409190 /* PBXTargetDependency */,
			);
			name = FortAbodeUtilityCentralTests;
			packageProductDependencies = (
			);
			productName = FortAbodeUtilityCentralTests;
			productReference = A100840E6248DECFE28C4DBF /* FortAbodeUtilityCentralTests.xctest */;
			productType = "com.apple.product-type.bundle.unit-test";
		};
		5AB5DAACD8D2527E08316FE7 /* FortAbodeUtilityCentral */ = {
			isa = PBXNativeTarget;
			buildConfigurationList = 37F2B67BA6E1E93855191E6A /* Build configuration list for PBXNativeTarget "FortAbodeUtilityCentral" */;
			buildPhases = (
				EC5E3EBE102B6DAD05E85332 /* Sources */,
				A7365BFEDD5EAA4427B2053F /* Validate SUPublicEDKey */,
				0248D8ADC3F72DE8079F9095 /* Resources */,
				DB6C849ABD047945A86F0698 /* Frameworks */,
			);
			buildRules = (
			);
			dependencies = (
			);
			name = FortAbodeUtilityCentral;
			packageProductDependencies = (
				8B75BAAFED90C32A32CA2420 /* Sparkle */,
				5D70F17E7114E90E5762C0DB /* AlignedDesignSystem */,
			);
			productName = FortAbodeUtilityCentral;
			productReference = 5914439D10E470294A91A039 /* FortAbodeUtilityCentral.app */;
			productType = "com.apple.product-type.application";
		};
/* End PBXNativeTarget section */

/* Begin PBXProject section */
		672C6D2DFA922074863F8947 /* Project object */ = {
			isa = PBXProject;
			attributes = {
				BuildIndependentTargetsInParallel = YES;
				LastUpgradeCheck = 1600;
				TargetAttributes = {
					5AB5DAACD8D2527E08316FE7 = {
						DevelopmentTeam = X6LBF9H7M5;
						ProvisioningStyle = Manual;
					};
				};
			};
			buildConfigurationList = 9987FBE5AB6ADC7122EC1A22 /* Build configuration list for PBXProject "FortAbodeUtilityCentral" */;
			developmentRegion = en;
			hasScannedForEncodings = 0;
			knownRegions = (
				Base,
				en,
			);
			mainGroup = 5D479E04ACFEEEA687B5462E;
			minimizedProjectReferenceProxies = 1;
			packageReferences = (
				3037796EF51F52235F6E655F /* XCRemoteSwiftPackageReference "AlignedDesignSystem" */,
				C8572B4E1F6FCAC099FE243E /* XCRemoteSwiftPackageReference "Sparkle" */,
			);
			preferredProjectObjectVersion = 77;
			productRefGroup = E9A2CE9F8D9A16777B2182EF /* Products */;
			projectDirPath = "";
			projectRoot = "";
			targets = (
				5AB5DAACD8D2527E08316FE7 /* FortAbodeUtilityCentral */,
				259834D58F25C5FD01D98AB6 /* FortAbodeUtilityCentralTests */,
			);
		};
/* End PBXProject section */

/* Begin PBXResourcesBuildPhase section */
		0248D8ADC3F72DE8079F9095 /* Resources */ = {
			isa = PBXResourcesBuildPhase;
			buildActionMask = 2147483647;
			files = (
				A57EFCA453010BE0DB621F72 /* Assets.xcassets in Resources */,
				FE125FC93FD596804B8211EE /* claude-md-template.md in Resources */,
				F2EA15F87DAAF9BDF02FDFAE /* component-registry.json in Resources */,
				11E72DFAD7010B08CCFA2023 /* dashboard-template.html in Resources */,
				F89C6DB5F46AA0E2B5C06700 /* engine-spec.md in Resources */,
				B30AFA9528E558568F1FC9C0 /* gws-client-secret.json in Resources */,
				B04C24F776D1BB9275500DB0 /* weekly-rhythm-plugin-bundle in Resources */,
				13B98C724D6580546B4A9F6C /* weekly-rhythm-skill-wrapper.md in Resources */,
				C3404068D33521F15C9DAC34 /* whats-new.json in Resources */,
			);
			runOnlyForDeploymentPostprocessing = 0;
		};
/* End PBXResourcesBuildPhase section */

/* Begin PBXShellScriptBuildPhase section */
		A7365BFEDD5EAA4427B2053F /* Validate SUPublicEDKey */ = {
			isa = PBXShellScriptBuildPhase;
			alwaysOutOfDate = 1;
			buildActionMask = 2147483647;
			files = (
			);
			inputFileListPaths = (
			);
			inputPaths = (
			);
			name = "Validate SUPublicEDKey";
			outputFileListPaths = (
			);
			outputPaths = (
			);
			runOnlyForDeploymentPostprocessing = 0;
			shellPath = /bin/sh;
			shellScript = "if [ \"$CONFIGURATION\" = \"Debug\" ]; then\n  echo \"Skipping EdDSA key validation in Debug builds.\"\n  exit 0\nfi\nSPARKLE_BIN=\"${BUILD_DIR%Build/*}SourcePackages/artifacts/sparkle/Sparkle/bin\"\nEXPECTED_KEY=$(\"${SPARKLE_BIN}/generate_keys\" -p 2>/dev/null | grep -E \"^[A-Za-z0-9+/=]{40,}$\" | head -1)\nif [ -z \"$EXPECTED_KEY\" ]; then\n  echo \"warning: Could not extract EdDSA public key from Keychain — skipping validation\"\n  exit 0\nfi\nPLIST_KEY=$(/usr/libexec/PlistBuddy -c \"Print :SUPublicEDKey\" \"${TARGET_BUILD_DIR}/${INFOPLIST_PATH}\")\nif [ \"$EXPECTED_KEY\" != \"$PLIST_KEY\" ]; then\n  echo \"error: SUPublicEDKey mismatch! Info.plist has '${PLIST_KEY}' but Keychain has '${EXPECTED_KEY}'\"\n  exit 1\nfi\necho \"EdDSA public key validated successfully.\"\n";
		};
/* End PBXShellScriptBuildPhase section */

/* Begin PBXSourcesBuildPhase section */
		C502865F18D5CFA7CE961DC2 /* Sources */ = {
			isa = PBXSourcesBuildPhase;
			buildActionMask = 2147483647;
			files = (
				8C46F547DCED96736E019D49 /* ComponentRegistryTests.swift in Sources */,
				527E21E6BC0AA688C00FA4E9 /* GitHubServiceTests.swift in Sources */,
				386B5A369D88921474EC50B4 /* VersionComparisonTests.swift in Sources */,
				49AFDBE9BAB4BDF2520332FF /* VersionDetectionTests.swift in Sources */,
			);
			runOnlyForDeploymentPostprocessing = 0;
		};
		EC5E3EBE102B6DAD05E85332 /* Sources */ = {
			isa = PBXSourcesBuildPhase;
			buildActionMask = 2147483647;
			files = (
				047B461FE0B2A7A81E4BC469 /* ActivationView.swift in Sources */,
				2C512BA73630DE2CCC93F99F /* AlignedSheet.swift in Sources */,
				BE31F2E9C53C3C01AF59B9E0 /* AppNavigation.swift in Sources */,
				156C48CEA34E68406BE574C7 /* AppSettings.swift in Sources */,
				18317CE6CA9311E67496A0AA /* AppState.swift in Sources */,
				AC16ED65C6F3F4D772013284 /* AppUpdaterService.swift in Sources */,
				BFFC39B7F0DEE48815EB2481 /* BackgroundTaskService.swift in Sources */,
				A7D447D032884F15F3EA762E /* BadgeTracker.swift in Sources */,
				DF4E9A21418662B5D610866B /* ChangelogEntry.swift in Sources */,
				7F7577B11C2D1F70D5E6F9B7 /* ChatComposer.swift in Sources */,
				15DC17F5631A4CF72E02C261 /* ChatMessage.swift in Sources */,
				107872FAAEF37D55D156492E /* ChatPanel.swift in Sources */,
				4CB55B39A51109E2D3DAE9F1 /* ChatPanelHeader.swift in Sources */,
				ED44975C50A6C6A64F4954DE /* CheckForUpdatesView.swift in Sources */,
				7C8FF70F6E7111308CEAA754 /* ClaudeAuthKeychainService.swift in Sources */,
				7FCF70E4B640FED1EAD72A90 /* ClaudeAuthSetupSheet.swift in Sources */,
				149284AD1AF7CC868055E9C7 /* ClaudeCLIDetector.swift in Sources */,
				DFEE2E123FFC73F011AA13EB /* ClaudeChatPane.swift in Sources */,
				0D7F85E45BFAFB9CBA75F829 /* ClaudeCodeConfigService.swift in Sources */,
				91D50E1EB920B8C40D6B33FB /* ClaudeDesktopConfigService.swift in Sources */,
				E39F0B6F301568824A772E71 /* Component.swift in Sources */,
				EB1961D3A6B1297856EF3C69 /* ComponentDetailView.swift in Sources */,
				78A108105A88096647C68196 /* ComponentHealthCard.swift in Sources */,
				F37E0647A0A8D347473AA752 /* ComponentListViewModel.swift in Sources */,
				63DF7D1C11E3A188E94C469F /* ComponentRegistry.swift in Sources */,
				DC42DBCAD25AF1F2F3FDFF8D /* ConfigMdEditor.swift in Sources */,
				CB346FEB794E23991188381B /* CoworkSkillService.swift in Sources */,
				C0FDF12D701AEAEE4331FF13 /* Destination.swift in Sources */,
				A05720BF393011B270ABE894 /* EditEventSheet.swift in Sources */,
				330A710170B2B74902D579D5 /* EditTriageSheet.swift in Sources */,
				07BA11DC7D460A01979E6F21 /* ErrorLogger.swift in Sources */,
				6CD4E6A5F0EC7CA6EA53E11B /* FamilyChatPane.swift in Sources */,
				52D654FD0BE7A805B4F3F1A3 /* FamilyHealthDashboard.swift in Sources */,
				E2A034CE471A68B4E0222C3E /* FamilyMemoryModels.swift in Sources */,
				05D38A44306FF10EEE0001D9 /* FamilyMemoryService.swift in Sources */,
				377AE9482D6974941E963E1B /* FamilyMemoryView.swift in Sources */,
				916EBC0C31B8473B1C50C325 /* FamilyView.swift in Sources */,
				2B92C1E7ECA9DC4D7DC50F0E /* FeedbackService.swift in Sources */,
				38D925B340A40492A5DB7FAC /* FeedbackView.swift in Sources */,
				39ACD4EE2996FF40E684E287 /* FeedbackViewModel.swift in Sources */,
				53AEA16097825500F8268329 /* FileBackedWeeklyRhythmDataSource.swift in Sources */,
				A2B2C6005EF42A9C341F8826 /* FilePinningService.swift in Sources */,
				64CA5B5EAAFCDA5C06236011 /* FortAbodeUtilityCentralApp.swift in Sources */,
				639646812B867787DB59AD83 /* FullDiskAccessService.swift in Sources */,
				D0927D0CC5D148C03FD75CB4 /* GhostBorderFieldDropdown.swift in Sources */,
				06CB33690CC14595E2E99291 /* GitHubService.swift in Sources */,
				63B0BCA2036A45DF148B3C37 /* HealthCheck.swift in Sources */,
				F4855FF4FA0E88D59716A23B /* HomeView.swift in Sources */,
				05E6CAD0B79916E67AD9C87D /* KeychainService.swift in Sources */,
				25D74F095E9237042C25585C /* MCPProbe.swift in Sources */,
				8FEB14627351680D4959D1BF /* MarketplaceView.swift in Sources */,
				2B07591CF9F2646F8B903101 /* MissingMCPsSheet.swift in Sources */,
				4BC30361A3F18D7A991A72EE /* MockWeeklyRhythmDataSource.swift in Sources */,
				84EF3894AB836BBA01A7FB6A /* NotificationService.swift in Sources */,
				3DAC043E1F1CE49D3F91AA79 /* PageScaffold.swift in Sources */,
				2C7ED0531E56C8235AFCE6BC /* PendingMutationsStore.swift in Sources */,
				4C29C765E197C8C5C27D8BC2 /* RootView.swift in Sources */,
				5A4C032BD13E7B95BFCABB96 /* RunHealthDetailSheet.swift in Sources */,
				3F9322104FD17EB1DA4801C8 /* RunHealthPill.swift in Sources */,
				5AB3F1610DB5361CAC618ECC /* SecureInputStorage.swift in Sources */,
				ADE9797A2E5EE7EB3C461ED6 /* SettingsView.swift in Sources */,
				B4F10EEE4625314A880D027D /* SettingsViewModel.swift in Sources */,
				15ACB224032293DD17F523FA /* SetupValidationService.swift in Sources */,
				BCC20DC3968DB7047C53917E /* SetupWizardView.swift in Sources */,
				1BE2080AB4AF9C0D5DDF3A05 /* SetupWizardViewModel.swift in Sources */,
				EE0563F9E4C13C649D44F181 /* Sidebar.swift in Sources */,
				B7C538A5D2630B86AEF3E048 /* SidebarCollapseButton.swift in Sources */,
				EF6A84B87BF7C01CF51F88F6 /* StepContentView.swift in Sources */,
				A97EBD40591158370B2039CC /* StepIllustrationView.swift in Sources */,
				EC2CC8D874906D44ABAA6C72 /* TriageRsvpControl.swift in Sources */,
				112863CDD6F3C554DAF8C3A9 /* UpdateExecutionService.swift in Sources */,
				A5D861B2D8E9BA0284E7ECF6 /* UpdateStatus.swift in Sources */,
				3B8CF00712BD137247649E22 /* VersionDetectionService.swift in Sources */,
				A1F93FFFAC5814DE06CC88AF /* WeeklyRhythm.swift in Sources */,
				9C5B1ABB80EFFEF201C62AAB /* WeeklyRhythmDataSource.swift in Sources */,
				8AA1D4FFDC54D9B78DA73942 /* WeeklyRhythmEngineRunner.swift in Sources */,
				3CFDC64737A93718CFE3AE95 /* WeeklyRhythmEngineSection.swift in Sources */,
				2914B8F6E862FE0B1914BFAE /* WeeklyRhythmEngineStore.swift in Sources */,
				7CFA90087FA5CC19AFC67353 /* WeeklyRhythmPathResolver.swift in Sources */,
				8C81AC2276A4B5BA5E86A219 /* WeeklyRhythmRunControl.swift in Sources */,
				A1F5C83EBA3836D3FFACAC5D /* WeeklyRhythmService.swift in Sources */,
				00E5BEF9B71230C4677B387F /* WeeklyRhythmSkillInstallSheet.swift in Sources */,
				7186FEEAC3161F93D78ECA50 /* WeeklyRhythmSkillInstaller.swift in Sources */,
				355F6705C0380EC8CCED0279 /* WeeklyRhythmUIStateStore.swift in Sources */,
				3B1B8E9B129468193257A0A2 /* WeeklyRhythmView.swift in Sources */,
				61D6E60947EC0AEB30BF7D97 /* WhatsNewView.swift in Sources */,
				4FB42B328F8B03A28BCC1962 /* WhyModal.swift in Sources */,
			);
			runOnlyForDeploymentPostprocessing = 0;
		};
/* End PBXSourcesBuildPhase section */

/* Begin PBXTargetDependency section */
		52752C4EFA1E754339409190 /* PBXTargetDependency */ = {
			isa = PBXTargetDependency;
			target = 5AB5DAACD8D2527E08316FE7 /* FortAbodeUtilityCentral */;
			targetProxy = 97898CB52379AF67AB44B272 /* PBXContainerItemProxy */;
		};
/* End PBXTargetDependency section */

/* Begin XCBuildConfiguration section */
		0575981C75F5EB9137C13C88 /* Debug */ = {
			isa = XCBuildConfiguration;
			buildSettings = {
				ASSETCATALOG_COMPILER_APPICON_NAME = AppIcon;
				CODE_SIGN_ENTITLEMENTS = FortAbodeUtilityCentral.entitlements;
				CODE_SIGN_IDENTITY = "Developer ID Application";
				CODE_SIGN_STYLE = Manual;
				COMBINE_HIDPI_IMAGES = YES;
				CURRENT_PROJECT_VERSION = 38;
				DEVELOPMENT_TEAM = X6LBF9H7M5;
				ENABLE_APP_SANDBOX = NO;
				ENABLE_HARDENED_RUNTIME = YES;
				INFOPLIST_FILE = Resources/Info.plist;
				LD_RUNPATH_SEARCH_PATHS = (
					"$(inherited)",
					"@executable_path/../Frameworks",
				);
				MACOSX_DEPLOYMENT_TARGET = 14.0;
				MARKETING_VERSION = 3.11.0;
				PRODUCT_BUNDLE_IDENTIFIER = com.kamstudios.fortabodeutilitycentral;
				PRODUCT_NAME = "Fort Abode Utility Central";
				SDKROOT = macosx;
				SWIFT_STRICT_CONCURRENCY = targeted;
				SWIFT_VERSION = 6.0;
			};
			name = Debug;
		};
		0DDCD009F4A6BA1A03686A5D /* Debug */ = {
			isa = XCBuildConfiguration;
			buildSettings = {
				ALWAYS_SEARCH_USER_PATHS = NO;
				CLANG_ANALYZER_NONNULL = YES;
				CLANG_ANALYZER_NUMBER_OBJECT_CONVERSION = YES_AGGRESSIVE;
				CLANG_CXX_LANGUAGE_STANDARD = "gnu++14";
				CLANG_CXX_LIBRARY = "libc++";
				CLANG_ENABLE_MODULES = YES;
				CLANG_ENABLE_OBJC_ARC = YES;
				CLANG_ENABLE_OBJC_WEAK = YES;
				CLANG_WARN_BLOCK_CAPTURE_AUTORELEASING = YES;
				CLANG_WARN_BOOL_CONVERSION = YES;
				CLANG_WARN_COMMA = YES;
				CLANG_WARN_CONSTANT_CONVERSION = YES;
				CLANG_WARN_DEPRECATED_OBJC_IMPLEMENTATIONS = YES;
				CLANG_WARN_DIRECT_OBJC_ISA_USAGE = YES_ERROR;
				CLANG_WARN_DOCUMENTATION_COMMENTS = YES;
				CLANG_WARN_EMPTY_BODY = YES;
				CLANG_WARN_ENUM_CONVERSION = YES;
				CLANG_WARN_INFINITE_RECURSION = YES;
				CLANG_WARN_INT_CONVERSION = YES;
				CLANG_WARN_NON_LITERAL_NULL_CONVERSION = YES;
				CLANG_WARN_OBJC_IMPLICIT_RETAIN_SELF = YES;
				CLANG_WARN_OBJC_LITERAL_CONVERSION = YES;
				CLANG_WARN_OBJC_ROOT_CLASS = YES_ERROR;
				CLANG_WARN_QUOTED_INCLUDE_IN_FRAMEWORK_HEADER = YES;
				CLANG_WARN_RANGE_LOOP_ANALYSIS = YES;
				CLANG_WARN_STRICT_PROTOTYPES = YES;
				CLANG_WARN_SUSPICIOUS_MOVE = YES;
				CLANG_WARN_UNGUARDED_AVAILABILITY = YES_AGGRESSIVE;
				CLANG_WARN_UNREACHABLE_CODE = YES;
				CLANG_WARN__DUPLICATE_METHOD_MATCH = YES;
				COPY_PHASE_STRIP = NO;
				DEBUG_INFORMATION_FORMAT = dwarf;
				ENABLE_STRICT_OBJC_MSGSEND = YES;
				ENABLE_TESTABILITY = YES;
				GCC_C_LANGUAGE_STANDARD = gnu11;
				GCC_DYNAMIC_NO_PIC = NO;
				GCC_NO_COMMON_BLOCKS = YES;
				GCC_OPTIMIZATION_LEVEL = 0;
				GCC_PREPROCESSOR_DEFINITIONS = (
					"$(inherited)",
					"DEBUG=1",
				);
				GCC_WARN_64_TO_32_BIT_CONVERSION = YES;
				GCC_WARN_ABOUT_RETURN_TYPE = YES_ERROR;
				GCC_WARN_UNDECLARED_SELECTOR = YES;
				GCC_WARN_UNINITIALIZED_AUTOS = YES_AGGRESSIVE;
				GCC_WARN_UNUSED_FUNCTION = YES;
				GCC_WARN_UNUSED_VARIABLE = YES;
				MACOSX_DEPLOYMENT_TARGET = 14.0;
				MTL_ENABLE_DEBUG_INFO = INCLUDE_SOURCE;
				MTL_FAST_MATH = YES;
				ONLY_ACTIVE_ARCH = YES;
				PRODUCT_NAME = "$(TARGET_NAME)";
				SDKROOT = macosx;
				SWIFT_ACTIVE_COMPILATION_CONDITIONS = DEBUG;
				SWIFT_OPTIMIZATION_LEVEL = "-Onone";
				SWIFT_VERSION = 5.0;
			};
			name = Debug;
		};
		1F86534CA54FF3946F258607 /* Release */ = {
			isa = XCBuildConfiguration;
			buildSettings = {
				ASSETCATALOG_COMPILER_APPICON_NAME = AppIcon;
				CODE_SIGN_ENTITLEMENTS = FortAbodeUtilityCentral.entitlements;
				CODE_SIGN_IDENTITY = "Developer ID Application";
				CODE_SIGN_STYLE = Manual;
				COMBINE_HIDPI_IMAGES = YES;
				CURRENT_PROJECT_VERSION = 38;
				DEVELOPMENT_TEAM = X6LBF9H7M5;
				ENABLE_APP_SANDBOX = NO;
				ENABLE_HARDENED_RUNTIME = YES;
				INFOPLIST_FILE = Resources/Info.plist;
				LD_RUNPATH_SEARCH_PATHS = (
					"$(inherited)",
					"@executable_path/../Frameworks",
				);
				MACOSX_DEPLOYMENT_TARGET = 14.0;
				MARKETING_VERSION = 3.11.0;
				PRODUCT_BUNDLE_IDENTIFIER = com.kamstudios.fortabodeutilitycentral;
				PRODUCT_NAME = "Fort Abode Utility Central";
				SDKROOT = macosx;
				SWIFT_STRICT_CONCURRENCY = targeted;
				SWIFT_VERSION = 6.0;
			};
			name = Release;
		};
		35A8950F175B1FFDC235A498 /* Release */ = {
			isa = XCBuildConfiguration;
			buildSettings = {
				BUNDLE_LOADER = "$(TEST_HOST)";
				CODE_SIGN_IDENTITY = "-";
				COMBINE_HIDPI_IMAGES = YES;
				GENERATE_INFOPLIST_FILE = YES;
				LD_RUNPATH_SEARCH_PATHS = (
					"$(inherited)",
					"@executable_path/../Frameworks",
					"@loader_path/../Frameworks",
				);
				MACOSX_DEPLOYMENT_TARGET = 14.0;
				PRODUCT_BUNDLE_IDENTIFIER = com.kamstudios.fortabodeutilitycentral.tests;
				SDKROOT = macosx;
				SWIFT_STRICT_CONCURRENCY = targeted;
				SWIFT_VERSION = 6.0;
				TEST_HOST = "$(BUILT_PRODUCTS_DIR)/Fort Abode Utility Central.app/Contents/MacOS/Fort Abode Utility Central";
			};
			name = Release;
		};
		528AD82406A07CB8A6B3B1EF /* Release */ = {
			isa = XCBuildConfiguration;
			buildSettings = {
				ALWAYS_SEARCH_USER_PATHS = NO;
				CLANG_ANALYZER_NONNULL = YES;
				CLANG_ANALYZER_NUMBER_OBJECT_CONVERSION = YES_AGGRESSIVE;
				CLANG_CXX_LANGUAGE_STANDARD = "gnu++14";
				CLANG_CXX_LIBRARY = "libc++";
				CLANG_ENABLE_MODULES = YES;
				CLANG_ENABLE_OBJC_ARC = YES;
				CLANG_ENABLE_OBJC_WEAK = YES;
				CLANG_WARN_BLOCK_CAPTURE_AUTORELEASING = YES;
				CLANG_WARN_BOOL_CONVERSION = YES;
				CLANG_WARN_COMMA = YES;
				CLANG_WARN_CONSTANT_CONVERSION = YES;
				CLANG_WARN_DEPRECATED_OBJC_IMPLEMENTATIONS = YES;
				CLANG_WARN_DIRECT_OBJC_ISA_USAGE = YES_ERROR;
				CLANG_WARN_DOCUMENTATION_COMMENTS = YES;
				CLANG_WARN_EMPTY_BODY = YES;
				CLANG_WARN_ENUM_CONVERSION = YES;
				CLANG_WARN_INFINITE_RECURSION = YES;
				CLANG_WARN_INT_CONVERSION = YES;
				CLANG_WARN_NON_LITERAL_NULL_CONVERSION = YES;
				CLANG_WARN_OBJC_IMPLICIT_RETAIN_SELF = YES;
				CLANG_WARN_OBJC_LITERAL_CONVERSION = YES;
				CLANG_WARN_OBJC_ROOT_CLASS = YES_ERROR;
				CLANG_WARN_QUOTED_INCLUDE_IN_FRAMEWORK_HEADER = YES;
				CLANG_WARN_RANGE_LOOP_ANALYSIS = YES;
				CLANG_WARN_STRICT_PROTOTYPES = YES;
				CLANG_WARN_SUSPICIOUS_MOVE = YES;
				CLANG_WARN_UNGUARDED_AVAILABILITY = YES_AGGRESSIVE;
				CLANG_WARN_UNREACHABLE_CODE = YES;
				CLANG_WARN__DUPLICATE_METHOD_MATCH = YES;
				COPY_PHASE_STRIP = NO;
				DEBUG_INFORMATION_FORMAT = "dwarf-with-dsym";
				ENABLE_NS_ASSERTIONS = NO;
				ENABLE_STRICT_OBJC_MSGSEND = YES;
				GCC_C_LANGUAGE_STANDARD = gnu11;
				GCC_NO_COMMON_BLOCKS = YES;
				GCC_WARN_64_TO_32_BIT_CONVERSION = YES;
				GCC_WARN_ABOUT_RETURN_TYPE = YES_ERROR;
				GCC_WARN_UNDECLARED_SELECTOR = YES;
				GCC_WARN_UNINITIALIZED_AUTOS = YES_AGGRESSIVE;
				GCC_WARN_UNUSED_FUNCTION = YES;
				GCC_WARN_UNUSED_VARIABLE = YES;
				MACOSX_DEPLOYMENT_TARGET = 14.0;
				MTL_ENABLE_DEBUG_INFO = NO;
				MTL_FAST_MATH = YES;
				PRODUCT_NAME = "$(TARGET_NAME)";
				SDKROOT = macosx;
				SWIFT_COMPILATION_MODE = wholemodule;
				SWIFT_OPTIMIZATION_LEVEL = "-O";
				SWIFT_VERSION = 5.0;
			};
			name = Release;
		};
		F959DBD1344E7D87C4A53C59 /* Debug */ = {
			isa = XCBuildConfiguration;
			buildSettings = {
				BUNDLE_LOADER = "$(TEST_HOST)";
				CODE_SIGN_IDENTITY = "-";
				COMBINE_HIDPI_IMAGES = YES;
				GENERATE_INFOPLIST_FILE = YES;
				LD_RUNPATH_SEARCH_PATHS = (
					"$(inherited)",
					"@executable_path/../Frameworks",
					"@loader_path/../Frameworks",
				);
				MACOSX_DEPLOYMENT_TARGET = 14.0;
				PRODUCT_BUNDLE_IDENTIFIER = com.kamstudios.fortabodeutilitycentral.tests;
				SDKROOT = macosx;
				SWIFT_STRICT_CONCURRENCY = targeted;
				SWIFT_VERSION = 6.0;
				TEST_HOST = "$(BUILT_PRODUCTS_DIR)/Fort Abode Utility Central.app/Contents/MacOS/Fort Abode Utility Central";
			};
			name = Debug;
		};
/* End XCBuildConfiguration section */

/* Begin XCConfigurationList section */
		37F2B67BA6E1E93855191E6A /* Build configuration list for PBXNativeTarget "FortAbodeUtilityCentral" */ = {
			isa = XCConfigurationList;
			buildConfigurations = (
				0575981C75F5EB9137C13C88 /* Debug */,
				1F86534CA54FF3946F258607 /* Release */,
			);
			defaultConfigurationIsVisible = 0;
			defaultConfigurationName = Debug;
		};
		3B7083FB93BFD0956C9770D7 /* Build configuration list for PBXNativeTarget "FortAbodeUtilityCentralTests" */ = {
			isa = XCConfigurationList;
			buildConfigurations = (
				F959DBD1344E7D87C4A53C59 /* Debug */,
				35A8950F175B1FFDC235A498 /* Release */,
			);
			defaultConfigurationIsVisible = 0;
			defaultConfigurationName = Debug;
		};
		9987FBE5AB6ADC7122EC1A22 /* Build configuration list for PBXProject "FortAbodeUtilityCentral" */ = {
			isa = XCConfigurationList;
			buildConfigurations = (
				0DDCD009F4A6BA1A03686A5D /* Debug */,
				528AD82406A07CB8A6B3B1EF /* Release */,
			);
			defaultConfigurationIsVisible = 0;
			defaultConfigurationName = Debug;
		};
/* End XCConfigurationList section */

/* Begin XCRemoteSwiftPackageReference section */
		3037796EF51F52235F6E655F /* XCRemoteSwiftPackageReference "AlignedDesignSystem" */ = {
			isa = XCRemoteSwiftPackageReference;
			repositoryURL = "https://github.com/kamrenkennedy/AlignedDesignSystem.git";
			requirement = {
				kind = upToNextMajorVersion;
				minimumVersion = 1.1.0;
			};
		};
		C8572B4E1F6FCAC099FE243E /* XCRemoteSwiftPackageReference "Sparkle" */ = {
			isa = XCRemoteSwiftPackageReference;
			repositoryURL = "https://github.com/sparkle-project/Sparkle.git";
			requirement = {
				kind = upToNextMajorVersion;
				minimumVersion = 2.0.0;
			};
		};
/* End XCRemoteSwiftPackageReference section */

/* Begin XCSwiftPackageProductDependency section */
		5D70F17E7114E90E5762C0DB /* AlignedDesignSystem */ = {
			isa = XCSwiftPackageProductDependency;
			package = 3037796EF51F52235F6E655F /* XCRemoteSwiftPackageReference "AlignedDesignSystem" */;
			productName = AlignedDesignSystem;
		};
		8B75BAAFED90C32A32CA2420 /* Sparkle */ = {
			isa = XCSwiftPackageProductDependency;
			package = C8572B4E1F6FCAC099FE243E /* XCRemoteSwiftPackageReference "Sparkle" */;
			productName = Sparkle;
		};
/* End XCSwiftPackageProductDependency section */
	};
	rootObject = 672C6D2DFA922074863F8947 /* Project object */;
}
